github.com/mattn/go-sqlite3 v1.14.13 h1:1tj15ngiFfcZzii7yd82foL+ks+ouQcj8j/TPq3fk1I=
github.com/mattn/go-sqlite3 v1.14.13/go.mod h1:NyWgC/yNuGj7Q9rpYnZvas74GogHl5/Z4A/KQRfk6bU=
github.com/umahmood/hashcash v0.0.0-20180415142835-f4a6a1a056f9 h1:1oNmIsyTtJQnvbn920UKSAl1hVBv0EuwrtlNmATAKJE=
github.com/umahmood/hashcash v0.0.0-20180415142835-f4a6a1a056f9/go.mod h1:bDSK6aTsvpbLNCeKDlqmSitONT56bCKBY1AsEHZ42Nw=
